{
  "name": "Template",
  "lockfileVersion": 3,
  "requires": true,
  "packages": {
    "": {
      "dependencies": {
        "@preline/input-number": "^2.5.0"
      }
    },
    "node_modules/@preline/input-number": {
      "version": "2.5.0",
      "resolved": "https://registry.npmjs.org/@preline/input-number/-/input-number-2.5.0.tgz",
      "integrity": "sha512-4Zn38j7UBIdFTiIZGxM9y+DwW7x5ID5RnO/ShcRw7ddsLgy0tU0hLMKPGnaalDXBScJVDPI+YUid3Ov/aJhGng==",
      "license": "Licensed under MIT and Preline UI Fair Use License"
    }
  }
}
