{
  "name": "techworld",
  "version": "1.0.0",
  "lockfileVersion": 3,
  "requires": true,
  "packages": {
    "": {
      "name": "techworld",
      "version": "1.0.0",
      "license": "ISC",
      "dependencies": {
        "@preline/select": "^2.5.0"
      }
    },
    "node_modules/@preline/select": {
      "version": "2.5.0",
      "resolved": "https://registry.npmjs.org/@preline/select/-/select-2.5.0.tgz",
      "integrity": "sha512-VDHU6VBgOyCAd85WTgWtP+AlvOWZX0K/F/F+lzhdpcp8QtiyezvSkMITHm7hs2IHTQ9/yPoNj53ZOeJHThE70g==",
      "license": "Licensed under MIT and Preline UI Fair Use License"
    }
  }
}
